
Microsoft Visual Studio Solution File, Format Version 12.00
# Visual Studio Version 17
VisualStudioVersion = 17.1.32319.34
MinimumVisualStudioVersion = 10.0.40219.1
Project("{FAE04EC0-301F-11D3-BF4B-00C04F79EFBC}") = "ZeldaMaterialGenerator", "ZeldaMaterialGenerator.csproj", "{8CDD70A4-C9B7-4094-A987-CEBA670EAF69}"
EndProject
Global
	GlobalSection(SolutionConfigurationPlatforms) = preSolution
		Debug|Any CPU = Debug|Any CPU
		Release|Any CPU = Release|Any CPU
	EndGlobalSection
	GlobalSection(ProjectConfigurationPlatforms) = postSolution
		{8CDD70A4-C9B7-4094-A987-CEBA670EAF69}.Debug|Any CPU.ActiveCfg = Debug|Any CPU
		{8CDD70A4-C9B7-4094-A987-CEBA670EAF69}.Debug|Any CPU.Build.0 = Debug|Any CPU
		{8CDD70A4-C9B7-4094-A987-CEBA670EAF69}.Release|Any CPU.ActiveCfg = Release|Any CPU
		{8CDD70A4-C9B7-4094-A987-CEBA670EAF69}.Release|Any CPU.Build.0 = Release|Any CPU
	EndGlobalSection
	GlobalSection(SolutionProperties) = preSolution
		HideSolutionNode = FALSE
	EndGlobalSection
	GlobalSection(ExtensibilityGlobals) = postSolution
		SolutionGuid = {3E837E16-6409-4FD3-A7D4-9DA22CDA4EB3}
	EndGlobalSection
EndGlobal
